{
    "name": "Virtual_Arsenal_2017.Altis",
    "version": "1.0.0",
    "lockfileVersion": 1,
    "requires": true,
    "dependencies": {
        "grad-customGear": {
            "version": "1.1.1",
            "resolved": "https://registry.npmjs.org/grad-customGear/-/grad-customGear-1.1.1.tgz",
            "integrity": "sha512-eSYwc2EVMzV++g0oq0oLR5LVBUZVTYsxpixONNqKB3AgTFln28Qxsn+aF6mkrrj/o3NkHDdH06/m2XuiaDR9Tw=="
        },
        "grad-heligame": {
            "version": "1.0.1",
            "resolved": "https://registry.npmjs.org/grad-heligame/-/grad-heligame-1.0.1.tgz",
            "integrity": "sha512-C0xE/nnMEPK0zcEw6okLciftIrTfIZSjR6i82CH44jYqSNrruX7Ev83PuhiqqIvIlSBOHOu4klWiMm6TPnQXHw=="
        }
    }
}
